// !$*UTF8*$!
{
	archiveVersion = 1;
	classes = {
	};
	objectVersion = 50;
	objects = {

/* Begin PBXBuildFile section */
		89006578207CC3F60093B628 /* AppDelegate.swift in Sources */ = {isa = PBXBuildFile; fileRef = 89006577207CC3F60093B628 /* AppDelegate.swift */; };
		8900657A207CC3F60093B628 /* ViewController.swift in Sources */ = {isa = PBXBuildFile; fileRef = 89006579207CC3F60093B628 /* ViewController.swift */; };
		8900657D207CC3F60093B628 /* Main.storyboard in Resources */ = {isa = PBXBuildFile; fileRef = 8900657B207CC3F60093B628 /* Main.storyboard */; };
		8900657F207CC3F70093B628 /* Assets.xcassets in Resources */ = {isa = PBXBuildFile; fileRef = 8900657E207CC3F70093B628 /* Assets.xcassets */; };
		89006582207CC3F80093B628 /* LaunchScreen.storyboard in Resources */ = {isa = PBXBuildFile; fileRef = 89006580207CC3F80093B628 /* LaunchScreen.storyboard */; };
		891DB00F207CF0F9002C92CA /* GroupTableViewCell.swift in Sources */ = {isa = PBXBuildFile; fileRef = 891DB00E207CF0F9002C92CA /* GroupTableViewCell.swift */; };
/* End PBXBuildFile section */

/* Begin PBXFileReference section */
		89006574207CC3F60093B628 /* New poll page.app */ = {isa = PBXFileReference; explicitFileType = wrapper.application; includeInIndex = 0; path = "New poll page.app"; sourceTree = BUILT_PRODUCTS_DIR; };
		89006577207CC3F60093B628 /* AppDelegate.swift */ = {isa = PBXFileReference; lastKnownFileType = sourcecode.swift; path = AppDelegate.swift; sourceTree = "<group>"; };
		89006579207CC3F60093B628 /* ViewController.swift */ = {isa = PBXFileReference; lastKnownFileType = sourcecode.swift; path = ViewController.swift; sourceTree = "<group>"; };
		8900657C207CC3F60093B628 /* Base */ = {isa = PBXFileReference; lastKnownFileType = file.storyboard; name = Base; path = Base.lproj/Main.storyboard; sourceTree = "<group>"; };
		8900657E207CC3F70093B628 /* Assets.xcassets */ = {isa = PBXFileReference; lastKnownFileType = folder.assetcatalog; path = Assets.xcassets; sourceTree = "<group>"; };
		89006581207CC3F80093B628 /* Base */ = {isa = PBXFileReference; lastKnownFileType = file.storyboard; name = Base; path = Base.lproj/LaunchScreen.storyboard; sourceTree = "<group>"; };
		89006583207CC3F80093B628 /* Info.plist */ = {isa = PBXFileReference; lastKnownFileType = text.plist.xml; path = Info.plist; sourceTree = "<group>"; };
		891DB00E207CF0F9002C92CA /* GroupTableViewCell.swift */ = {isa = PBXFileReference; lastKnownFileType = sourcecode.swift; path = GroupTableViewCell.swift; sourceTree = "<group>"; };
/* End PBXFileReference section */

/* Begin PBXFrameworksBuildPhase section */
		89006571207CC3F60093B628 /* Frameworks */ = {
			isa = PBXFrameworksBuildPhase;
			buildActionMask = 2147483647;
			files = (
			);
			runOnlyForDeploymentPostprocessing = 0;
		};
/* End PBXFrameworksBuildPhase section */

/* Begin PBXGroup section */
		8900656B207CC3F60093B628 = {
			isa = PBXGroup;
			children = (
				89006576207CC3F60093B628 /* New poll page */,
				89006575207CC3F60093B628 /* Products */,
			);
			sourceTree = "<group>";
		};
		89006575207CC3F60093B628 /* Products */ = {
			isa = PBXGroup;
			children = (
				89006574207CC3F60093B628 /* New poll page.app */,
			);
			name = Products;
			sourceTree = "<group>";
		};
		89006576207CC3F60093B628 /* New poll page */ = {
			isa = PBXGroup;
			children = (
				89006577207CC3F60093B628 /* AppDelegate.swift */,
				891DB00E207CF0F9002C92CA /* GroupTableViewCell.swift */,
				89006579207CC3F60093B628 /* ViewController.swift */,
				8900657B207CC3F60093B628 /* Main.storyboard */,
				8900657E207CC3F70093B628 /* Assets.xcassets */,
				89006580207CC3F80093B628 /* LaunchScreen.storyboard */,
				89006583207CC3F80093B628 /* Info.plist */,
			);
			path = "New poll page";
			sourceTree = "<group>";
		};
/* End PBXGroup section */

/* Begin PBXNativeTarget section */
		89006573207CC3F60093B628 /* New poll page */ = {
			isa = PBXNativeTarget;
			buildConfigurationList = 89006586207CC3F80093B628 /* Build configuration list for PBXNativeTarget "New poll page" */;
			buildPhases = (
				89006570207CC3F60093B628 /* Sources */,
				89006571207CC3F60093B628 /* Frameworks */,
				89006572207CC3F60093B628 /* Resources */,
			);
			buildRules = (
			);
			dependencies = (
			);
			name = "New poll page";
			productName = "New poll page";
			productReference = 89006574207CC3F60093B628 /* New poll page.app */;
			productType = "com.apple.product-type.application";
		};
/* End PBXNativeTarget section */

/* Begin PBXProject section */
		8900656C207CC3F60093B628 /* Project object */ = {
			isa = PBXProject;
			attributes = {
				LastSwiftUpdateCheck = 0930;
				LastUpgradeCheck = 0930;
				ORGANIZATIONNAME = "Shreyash Sharma";
				TargetAttributes = {
					89006573207CC3F60093B628 = {
						CreatedOnToolsVersion = 9.3;
					};
				};
			};
			buildConfigurationList = 8900656F207CC3F60093B628 /* Build configuration list for PBXProject "New poll page" */;
			compatibilityVersion = "Xcode 9.3";
			developmentRegion = en;
			hasScannedForEncodings = 0;
			knownRegions = (
				en,
				Base,
			);
			mainGroup = 8900656B207CC3F60093B628;
			productRefGroup = 89006575207CC3F60093B628 /* Products */;
			projectDirPath = "";
			projectRoot = "";
			targets = (
				89006573207CC3F60093B628 /* New poll page */,
			);
		};
/* End PBXProject section */

/* Begin PBXResourcesBuildPhase section */
		89006572207CC3F60093B628 /* Resources */ = {
			isa = PBXResourcesBuildPhase;
			buildActionMask = 2147483647;
			files = (
				89006582207CC3F80093B628 /* LaunchScreen.storyboard in Resources */,
				8900657F207CC3F70093B628 /* Assets.xcassets in Resources */,
				8900657D207CC3F60093B628 /* Main.storyboard in Resources */,
			);
			runOnlyForDeploymentPostprocessing = 0;
		};
/* End PBXResourcesBuildPhase section */

/* Begin PBXSourcesBuildPhase section */
		89006570207CC3F60093B628 /* Sources */ = {
			isa = PBXSourcesBuildPhase;
			buildActionMask = 2147483647;
			files = (
				891DB00F207CF0F9002C92CA /* GroupTableViewCell.swift in Sources */,
				8900657A207CC3F60093B628 /* ViewController.swift in Sources */,
				89006578207CC3F60093B628 /* AppDelegate.swift in Sources */,
			);
			runOnlyForDeploymentPostprocessing = 0;
		};
/* End PBXSourcesBuildPhase section */

/* Begin PBXVariantGroup section */
		8900657B207CC3F60093B628 /* Main.storyboard */ = {
			isa = PBXVariantGroup;
			children = (
				8900657C207CC3F60093B628 /* Base */,
			);
			name = Main.storyboard;
			sourceTree = "<group>";
		};
		89006580207CC3F80093B628 /* LaunchScreen.storyboard */ = {
			isa = PBXVariantGroup;
			children = (
				89006581207CC3F80093B628 /* Base */,
			);
			name = LaunchScreen.storyboard;
			sourceTree = "<group>";
		};
/* End PBXVariantGroup section */

/* Begin XCBuildConfiguration section */
		89006584207CC3F80093B628 /* Debug */ = {
			isa = XCBuildConfiguration;
			buildSettings = {
				ALWAYS_SEARCH_USER_PATHS = NO;
				CLANG_ANALYZER_NONNULL = YES;
				CLANG_ANALYZER_NUMBER_OBJECT_CONVERSION = YES_AGGRESSIVE;
				CLANG_CXX_LANGUAGE_STANDARD = "gnu++14";
				CLANG_CXX_LIBRARY = "libc++";
				CLANG_ENABLE_MODULES = YES;
				CLANG_ENABLE_OBJC_ARC = YES;
				CLANG_ENABLE_OBJC_WEAK = YES;
				CLANG_WARN_BLOCK_CAPTURE_AUTORELEASING = YES;
				CLANG_WARN_BOOL_CONVERSION = YES;
				CLANG_WARN_COMMA = YES;
				CLANG_WARN_CONSTANT_CONVERSION = YES;
				CLANG_WARN_DEPRECATED_OBJC_IMPLEMENTATIONS = YES;
				CLANG_WARN_DIRECT_OBJC_ISA_USAGE = YES_ERROR;
				CLANG_WARN_DOCUMENTATION_COMMENTS = YES;
				CLANG_WARN_EMPTY_BODY = YES;
				CLANG_WARN_ENUM_CONVERSION = YES;
				CLANG_WARN_INFINITE_RECURSION = YES;
				CLANG_WARN_INT_CONVERSION = YES;
				CLANG_WARN_NON_LITERAL_NULL_CONVERSION = YES;
				CLANG_WARN_OBJC_IMPLICIT_RETAIN_SELF = YES;
				CLANG_WARN_OBJC_LITERAL_CONVERSION = YES;
				CLANG_WARN_OBJC_ROOT_CLASS = YES_ERROR;
				CLANG_WARN_RANGE_LOOP_ANALYSIS = YES;
				CLANG_WARN_STRICT_PROTOTYPES = YES;
				CLANG_WARN_SUSPICIOUS_MOVE = YES;
				CLANG_WARN_UNGUARDED_AVAILABILITY = YES_AGGRESSIVE;
				CLANG_WARN_UNREACHABLE_CODE = YES;
				CLANG_WARN__DUPLICATE_METHOD_MATCH = YES;
				CODE_SIGN_IDENTITY = "iPhone Developer";
				COPY_PHASE_STRIP = NO;
				DEBUG_INFORMATION_FORMAT = dwarf;
				ENABLE_STRICT_OBJC_MSGSEND = YES;
				ENABLE_TESTABILITY = YES;
				GCC_C_LANGUAGE_STANDARD = gnu11;
				GCC_DYNAMIC_NO_PIC = NO;
				GCC_NO_COMMON_BLOCKS = YES;
				GCC_OPTIMIZATION_LEVEL = 0;
				GCC_PREPROCESSOR_DEFINITIONS = (
					"DEBUG=1",
					"$(inherited)",
				);
				GCC_WARN_64_TO_32_BIT_CONVERSION = YES;
				GCC_WARN_ABOUT_RETURN_TYPE = YES_ERROR;
				GCC_WARN_UNDECLARED_SELECTOR = YES;
				GCC_WARN_UNINITIALIZED_AUTOS = YES_AGGRESSIVE;
				GCC_WARN_UNUSED_FUNCTION = YES;
				GCC_WARN_UNUSED_VARIABLE = YES;
				IPHONEOS_DEPLOYMENT_TARGET = 11.3;
				MTL_ENABLE_DEBUG_INFO = YES;
				ONLY_ACTIVE_ARCH = YES;
				SDKROOT = iphoneos;
				SWIFT_ACTIVE_COMPILATION_CONDITIONS = DEBUG;
				SWIFT_OPTIMIZATION_LEVEL = "-Onone";
			};
			name = Debug;
		};
		89006585207CC3F80093B628 /* Release */ = {
			isa = XCBuildConfiguration;
			buildSettings = {
				ALWAYS_SEARCH_USER_PATHS = NO;
				CLANG_ANALYZER_NONNULL = YES;
				CLANG_ANALYZER_NUMBER_OBJECT_CONVERSION = YES_AGGRESSIVE;
				CLANG_CXX_LANGUAGE_STANDARD = "gnu++14";
				CLANG_CXX_LIBRARY = "libc++";
				CLANG_ENABLE_MODULES = YES;
				CLANG_ENABLE_OBJC_ARC = YES;
				CLANG_ENABLE_OBJC_WEAK = YES;
				CLANG_WARN_BLOCK_CAPTURE_AUTORELEASING = YES;
				CLANG_WARN_BOOL_CONVERSION = YES;
				CLANG_WARN_COMMA = YES;
				CLANG_WARN_CONSTANT_CONVERSION = YES;
				CLANG_WARN_DEPRECATED_OBJC_IMPLEMENTATIONS = YES;
				CLANG_WARN_DIRECT_OBJC_ISA_USAGE = YES_ERROR;
				CLANG_WARN_DOCUMENTATION_COMMENTS = YES;
				CLANG_WARN_EMPTY_BODY = YES;
				CLANG_WARN_ENUM_CONVERSION = YES;
				CLANG_WARN_INFINITE_RECURSION = YES;
				CLANG_WARN_INT_CONVERSION = YES;
				CLANG_WARN_NON_LITERAL_NULL_CONVERSION = YES;
				CLANG_WARN_OBJC_IMPLICIT_RETAIN_SELF = YES;
				CLANG_WARN_OBJC_LITERAL_CONVERSION = YES;
				CLANG_WARN_OBJC_ROOT_CLASS = YES_ERROR;
				CLANG_WARN_RANGE_LOOP_ANALYSIS = YES;
				CLANG_WARN_STRICT_PROTOTYPES = YES;
				CLANG_WARN_SUSPICIOUS_MOVE = YES;
				CLANG_WARN_UNGUARDED_AVAILABILITY = YES_AGGRESSIVE;
				CLANG_WARN_UNREACHABLE_CODE = YES;
				CLANG_WARN__DUPLICATE_METHOD_MATCH = YES;
				CODE_SIGN_IDENTITY = "iPhone Developer";
				COPY_PHASE_STRIP = NO;
				DEBUG_INFORMATION_FORMAT = "dwarf-with-dsym";
				ENABLE_NS_ASSERTIONS = NO;
				ENABLE_STRICT_OBJC_MSGSEND = YES;
				GCC_C_LANGUAGE_STANDARD = gnu11;
				GCC_NO_COMMON_BLOCKS = YES;
				GCC_WARN_64_TO_32_BIT_CONVERSION = YES;
				GCC_WARN_ABOUT_RETURN_TYPE = YES_ERROR;
				GCC_WARN_UNDECLARED_SELECTOR = YES;
				GCC_WARN_UNINITIALIZED_AUTOS = YES_AGGRESSIVE;
				GCC_WARN_UNUSED_FUNCTION = YES;
				GCC_WARN_UNUSED_VARIABLE = YES;
				IPHONEOS_DEPLOYMENT_TARGET = 11.3;
				MTL_ENABLE_DEBUG_INFO = NO;
				SDKROOT = iphoneos;
				SWIFT_COMPILATION_MODE = wholemodule;
				SWIFT_OPTIMIZATION_LEVEL = "-O";
				VALIDATE_PRODUCT = YES;
			};
			name = Release;
		};
		89006587207CC3F80093B628 /* Debug */ = {
			isa = XCBuildConfiguration;
			buildSettings = {
				ASSETCATALOG_COMPILER_APPICON_NAME = AppIcon;
				CODE_SIGN_STYLE = Automatic;
				DEVELOPMENT_TEAM = M9Y5D22U5C;
				INFOPLIST_FILE = "New poll page/Info.plist";
				LD_RUNPATH_SEARCH_PATHS = (
					"$(inherited)",
					"@executable_path/Frameworks",
				);
				PRODUCT_BUNDLE_IDENTIFIER = "SS-Inc..New-poll-page";
				PRODUCT_NAME = "$(TARGET_NAME)";
				SWIFT_VERSION = 4.0;
				TARGETED_DEVICE_FAMILY = "1,2";
			};
			name = Debug;
		};
		89006588207CC3F80093B628 /* Release */ = {
			isa = XCBuildConfiguration;
			buildSettings = {
				ASSETCATALOG_COMPILER_APPICON_NAME = AppIcon;
				CODE_SIGN_STYLE = Automatic;
				DEVELOPMENT_TEAM = M9Y5D22U5C;
				INFOPLIST_FILE = "New poll page/Info.plist";
				LD_RUNPATH_SEARCH_PATHS = (
					"$(inherited)",
					"@executable_path/Frameworks",
				);
				PRODUCT_BUNDLE_IDENTIFIER = "SS-Inc..New-poll-page";
				PRODUCT_NAME = "$(TARGET_NAME)";
				SWIFT_VERSION = 4.0;
				TARGETED_DEVICE_FAMILY = "1,2";
			};
			name = Release;
		};
/* End XCBuildConfiguration section */

/* Begin XCConfigurationList section */
		8900656F207CC3F60093B628 /* Build configuration list for PBXProject "New poll page" */ = {
			isa = XCConfigurationList;
			buildConfigurations = (
				89006584207CC3F80093B628 /* Debug */,
				89006585207CC3F80093B628 /* Release */,
			);
			defaultConfigurationIsVisible = 0;
			defaultConfigurationName = Release;
		};
		89006586207CC3F80093B628 /* Build configuration list for PBXNativeTarget "New poll page" */ = {
			isa = XCConfigurationList;
			buildConfigurations = (
				89006587207CC3F80093B628 /* Debug */,
				89006588207CC3F80093B628 /* Release */,
			);
			defaultConfigurationIsVisible = 0;
			defaultConfigurationName = Release;
		};
/* End XCConfigurationList section */
	};
	rootObject = 8900656C207CC3F60093B628 /* Project object */;
}
